
Microsoft Visual Studio Solution File, Format Version 12.00
# Visual Studio Version 16
VisualStudioVersion = 16.0.31911.196
MinimumVisualStudioVersion = 10.0.40219.1
Project("{9A19103F-16F7-4668-BE54-9A1E7A4F7556}") = "Aureum.DataStructures.BTree", "src\Aureum.DataStructures.BTree\Aureum.DataStructures.BTree.csproj", "{46A4B372-48ED-46F9-8FC0-BA857F374D1E}"
EndProject
Project("{2150E333-8FDC-42A3-9474-1A3956D46DE8}") = "src", "src", "{FB90190D-5909-430D-B608-25804871B3DD}"
EndProject
Project("{FAE04EC0-301F-11D3-BF4B-00C04F79EFBC}") = "Aureum.DataStructures.BinarySearchTree", "src\Aureum.DataStructures.BinarySearchTree\Aureum.DataStructures.BinarySearchTree.csproj", "{6AEE641B-E64B-4608-8000-16714A95D43F}"
EndProject
Global
	GlobalSection(SolutionConfigurationPlatforms) = preSolution
		Debug|Any CPU = Debug|Any CPU
		Release|Any CPU = Release|Any CPU
	EndGlobalSection
	GlobalSection(ProjectConfigurationPlatforms) = postSolution
		{46A4B372-48ED-46F9-8FC0-BA857F374D1E}.Debug|Any CPU.ActiveCfg = Debug|Any CPU
		{46A4B372-48ED-46F9-8FC0-BA857F374D1E}.Debug|Any CPU.Build.0 = Debug|Any CPU
		{46A4B372-48ED-46F9-8FC0-BA857F374D1E}.Release|Any CPU.ActiveCfg = Release|Any CPU
		{46A4B372-48ED-46F9-8FC0-BA857F374D1E}.Release|Any CPU.Build.0 = Release|Any CPU
		{6AEE641B-E64B-4608-8000-16714A95D43F}.Debug|Any CPU.ActiveCfg = Debug|Any CPU
		{6AEE641B-E64B-4608-8000-16714A95D43F}.Debug|Any CPU.Build.0 = Debug|Any CPU
		{6AEE641B-E64B-4608-8000-16714A95D43F}.Release|Any CPU.ActiveCfg = Release|Any CPU
		{6AEE641B-E64B-4608-8000-16714A95D43F}.Release|Any CPU.Build.0 = Release|Any CPU
	EndGlobalSection
	GlobalSection(SolutionProperties) = preSolution
		HideSolutionNode = FALSE
	EndGlobalSection
	GlobalSection(NestedProjects) = preSolution
		{46A4B372-48ED-46F9-8FC0-BA857F374D1E} = {FB90190D-5909-430D-B608-25804871B3DD}
		{6AEE641B-E64B-4608-8000-16714A95D43F} = {FB90190D-5909-430D-B608-25804871B3DD}
	EndGlobalSection
	GlobalSection(ExtensibilityGlobals) = postSolution
		SolutionGuid = {EBF8C968-C0FA-4C00-987F-E43FD3920293}
	EndGlobalSection
EndGlobal
